{
  "version": 4,
  "terraform_version": "1.13.4",
  "serial": 74,
  "lineage": "7bd70e8d-0f68-1fe3-d0d9-601ec553c98b",
  "outputs": {
    "instance_id": {
      "value": "i-0df4a63215598e4da",
      "type": "string"
    },
    "instance_ip": {
      "value": "54.205.15.146",
      "type": "string"
    },
    "instance_public_dns": {
      "value": "ec2-54-205-15-146.compute-1.amazonaws.com",
      "type": "string"
    },
    "key_pair_name": {
      "value": "terra-key",
      "type": "string"
    }
  },
  "resources": [
    {
      "mode": "managed",
      "type": "aws_default_vpc",
      "name": "N_default",
      "provider": "provider[\"registry.terraform.io/hashicorp/aws\"]",
      "instances": [
        {
          "schema_version": 1,
          "attributes": {
            "arn": "arn:aws:ec2:us-east-1:993051104393:vpc/vpc-06b78f17420cbac3d",
            "assign_generated_ipv6_cidr_block": false,
            "cidr_block": "172.31.0.0/16",
            "default_network_acl_id": "acl-08e44fc55c8f8ec08",
            "default_route_table_id": "rtb-02a55260e07e0cffa",
            "default_security_group_id": "sg-0ec3c29b2bad1cb0a",
            "dhcp_options_id": "dopt-0bdb4b7c4658105b7",
            "enable_dns_hostnames": true,
            "enable_dns_support": true,
            "enable_network_address_usage_metrics": false,
            "existing_default_vpc": true,
            "force_destroy": false,
            "id": "vpc-06b78f17420cbac3d",
            "instance_tenancy": "default",
            "ipv6_association_id": "",
            "ipv6_cidr_block": "",
            "ipv6_cidr_block_network_border_group": "",
            "ipv6_ipam_pool_id": "",
            "ipv6_netmask_length": 0,
            "main_route_table_id": "rtb-02a55260e07e0cffa",
            "owner_id": "993051104393",
            "region": "us-east-1",
            "tags": {
              "Name": "Default VPC"
            },
            "tags_all": {
              "Name": "Default VPC"
            }
          },
          "sensitive_attributes": [],
          "identity_schema_version": 0,
          "private": "eyJzY2hlbWFfdmVyc2lvbiI6IjEifQ=="
        }
      ]
    },
    {
      "mode": "managed",
      "type": "aws_instance",
      "name": "my_ec2",
      "provider": "provider[\"registry.terraform.io/hashicorp/aws\"]",
      "instances": [
        {
          "schema_version": 2,
          "attributes": {
            "ami": "ami-0360c520857e3138f",
            "arn": "arn:aws:ec2:us-east-1:993051104393:instance/i-0df4a63215598e4da",
            "associate_public_ip_address": true,
            "availability_zone": "us-east-1b",
            "capacity_reservation_specification": [
              {
                "capacity_reservation_preference": "open",
                "capacity_reservation_target": []
              }
            ],
            "cpu_options": [
              {
                "amd_sev_snp": "",
                "core_count": 2,
                "threads_per_core": 2
              }
            ],
            "credit_specification": [
              {
                "cpu_credits": "unlimited"
              }
            ],
            "disable_api_stop": false,
            "disable_api_termination": false,
            "ebs_block_device": [],
            "ebs_optimized": false,
            "enable_primary_ipv6": null,
            "enclave_options": [
              {
                "enabled": false
              }
            ],
            "ephemeral_block_device": [],
            "force_destroy": false,
            "get_password_data": false,
            "hibernation": false,
            "host_id": "",
            "host_resource_group_arn": null,
            "iam_instance_profile": "",
            "id": "i-0df4a63215598e4da",
            "instance_initiated_shutdown_behavior": "stop",
            "instance_lifecycle": "",
            "instance_market_options": [],
            "instance_state": "running",
            "instance_type": "t3.xlarge",
            "ipv6_address_count": 0,
            "ipv6_addresses": [],
            "key_name": "terra-key",
            "launch_template": [],
            "maintenance_options": [
              {
                "auto_recovery": "default"
              }
            ],
            "metadata_options": [
              {
                "http_endpoint": "enabled",
                "http_protocol_ipv6": "disabled",
                "http_put_response_hop_limit": 2,
                "http_tokens": "required",
                "instance_metadata_tags": "disabled"
              }
            ],
            "monitoring": false,
            "network_interface": [],
            "outpost_arn": "",
            "password_data": "",
            "placement_group": "",
            "placement_group_id": "",
            "placement_partition_number": 0,
            "primary_network_interface": [
              {
                "delete_on_termination": true,
                "network_interface_id": "eni-03a05342dbf69d5b1"
              }
            ],
            "primary_network_interface_id": "eni-03a05342dbf69d5b1",
            "private_dns": "ip-172-31-94-214.ec2.internal",
            "private_dns_name_options": [
              {
                "enable_resource_name_dns_a_record": false,
                "enable_resource_name_dns_aaaa_record": false,
                "hostname_type": "ip-name"
              }
            ],
            "private_ip": "172.31.94.214",
            "public_dns": "ec2-54-205-15-146.compute-1.amazonaws.com",
            "public_ip": "54.205.15.146",
            "region": "us-east-1",
            "root_block_device": [
              {
                "delete_on_termination": true,
                "device_name": "/dev/sda1",
                "encrypted": false,
                "iops": 3000,
                "kms_key_id": "",
                "tags": null,
                "tags_all": {},
                "throughput": 125,
                "volume_id": "vol-0de04b4a0d16b7e8a",
                "volume_size": 20,
                "volume_type": "gp3"
              }
            ],
            "secondary_private_ips": [],
            "security_groups": [
              "Sg-for-terraform"
            ],
            "source_dest_check": true,
            "spot_instance_request_id": "",
            "subnet_id": "subnet-0d2533580a3ecc904",
            "tags": {
              "Environment": "Dev",
              "Name": "observability-instance"
            },
            "tags_all": {
              "Environment": "Dev",
              "Name": "observability-instance"
            },
            "tenancy": "default",
            "timeouts": null,
            "user_data": "#!/bin/bash\n\n# --- Essential Definitions ---\n# Ensure HOME is set, which is crucial for KUBECTL_PATH to resolve correctly.\n# This fixes the 'mkdir: cannot create directory ‘’: No such file or directory' error.\nif [ -z \"$HOME\" ]; then\n    HOME=$(getent passwd \"$USER\" | cut -d: -f6)\nfi\n\nUSER_NAME=\"$USER\"\nBASHRC=\"$HOME/.bashrc\"\nKUBECTL_PATH=\"$HOME/.local/bin\"\nFLAG_FILE=\"/tmp/minikube_setup_complete\"\n\n\n# --- 1. Installation Flag Check ---\nif [ ! -f \"$FLAG_FILE\" ]; then\n\n    echo \"--- 1. System Setup and Prerequisites ---\"\n    # Update and install essentials\n    sudo apt update \u0026\u0026 sudo apt install git maven docker.io openjdk-17-jdk -y\n    sudo systemctl start docker\n    sudo systemctl enable docker\n\n    # Add user to the docker group (Requires new session to activate)\n    echo \"Adding user '$USER_NAME' to the docker group...\"\n    sudo usermod -aG docker \"$USER_NAME\"\n\n    echo \"--- 2. Install Minikube ---\"\n    curl -LO https://storage.googleapis.com/minikube/releases/latest/minikube-linux-amd64\n    sudo install minikube-linux-amd64 /usr/local/bin/minikube\n    rm minikube-linux-amd64\n\n    echo \"--- 3. Install Kubectl ---\"\n    KUBE_VERSION=$(curl -L -s https://dl.k8s.io/release/stable.txt)\n    curl -LO \"https://dl.k8s.io/release/${KUBE_VERSION}/bin/linux/amd64/kubectl\"\n    chmod +x kubectl\n    \n    # Use sudo here to create the directory just in case permissions are strict, \n    # but the path is still defined using the user's HOME.\n    mkdir -p \"$KUBECTL_PATH\" \n    mv ./kubectl \"$KUBECTL_PATH/kubectl\"\n\n    echo \"--- 4. Configure PATH ---\"\n    # Ensure PATH is added to .bashrc\n    if ! grep -q \"export PATH=\\\"$KUBECTL_PATH:\\$PATH\\\"\" \"$BASHRC\"; then\n        echo \"export PATH=\\\"$KUBECTL_PATH:\\$PATH\\\"\" \u003e\u003e \"$BASHRC\"\n    fi\n    \n    # Create the temporary flag file to signal completion (using sudo to ensure it's deletable)\n    sudo touch \"$FLAG_FILE\"\n\n    echo \"\"\n    echo \"--- 5. Rerunning Script to Apply Permissions and PATH ---\"\n    echo \"This script will now execute 'newgrp docker' and re-execute itself to load permissions.\"\n    \n    # Use 'newgrp' to create a new session with updated group permissions \n    # and then execute the script again (recursively)\n    exec newgrp docker \"$0\"\n    \nelse # Script will continue execution from here after 'newgrp docker'\n\n    echo \"--- 5. Permissions and PATH Activated ---\"\n    # Re-source the bashrc to ensure the PATH is active in the new shell\n    source \"$BASHRC\"\n\n    # Verify Docker permissions are active\n    echo \"Verifying Docker permissions...\"\n    docker run hello-world || { \n        echo \"ERROR: Docker permission still denied. Please try logging out and logging back in.\"; \n        # Attempt to remove flag with sudo if current user can't\n        sudo rm -f \"$FLAG_FILE\";\n        exit 1;\n    }\n\n    echo \"Verifying Kubectl installation...\"\n    # Verify both the executable location and command execution\n    if [ -x \"$KUBECTL_PATH/kubectl\" ]; then\n        \"$KUBECTL_PATH/kubectl\" version --client\n    else\n        echo \"ERROR: Kubectl executable not found at '$KUBECTL_PATH/kubectl'.\"\n        sudo rm -f \"$FLAG_FILE\";\n        exit 1;\n    fi\n\n    echo \"--- 6. Starting Minikube ---\"\n    # The warning about memory is normal, but let's use a safe setting.\n    minikube start --driver=docker --memory=3072mb\n\n    echo \"Checking Minikube status...\"\n    minikube status\n    \n    # Clean up the flag file\n    sudo rm -f \"$FLAG_FILE\"\n    echo \"✅ Minikube setup and start complete!\"\nfi",
            "user_data_base64": null,
            "user_data_replace_on_change": false,
            "volume_tags": null,
            "vpc_security_group_ids": [
              "sg-055115e4f936c9988"
            ]
          },
          "sensitive_attributes": [],
          "identity_schema_version": 0,
          "identity": {
            "account_id": "993051104393",
            "id": "i-0df4a63215598e4da",
            "region": "us-east-1"
          },
          "private": "eyJlMmJmYjczMC1lY2FhLTExZTYtOGY4OC0zNDM2M2JjN2M0YzAiOnsiY3JlYXRlIjo2MDAwMDAwMDAwMDAsImRlbGV0ZSI6MTIwMDAwMDAwMDAwMCwicmVhZCI6OTAwMDAwMDAwMDAwLCJ1cGRhdGUiOjYwMDAwMDAwMDAwMH0sInNjaGVtYV92ZXJzaW9uIjoiMiJ9",
          "dependencies": [
            "aws_default_vpc.N_default",
            "aws_key_pair.my_local_key",
            "aws_security_group.my_sg"
          ]
        }
      ]
    },
    {
      "mode": "managed",
      "type": "aws_key_pair",
      "name": "my_local_key",
      "provider": "provider[\"registry.terraform.io/hashicorp/aws\"]",
      "instances": [
        {
          "schema_version": 1,
          "attributes": {
            "arn": "arn:aws:ec2:us-east-1:993051104393:key-pair/terra-key",
            "fingerprint": "ZXi9O8Des4NJUAO/INYNnsmWqIiecFwpvIiswk8T5Wg=",
            "id": "terra-key",
            "key_name": "terra-key",
            "key_name_prefix": "",
            "key_pair_id": "key-0786089a435c74ab5",
            "key_type": "ed25519",
            "public_key": "ssh-ed25519 AAAAC3NzaC1lZDI1NTE5AAAAIDxoCedkH+dUyBT2xxFnNPgjEZ5kovavgf8CZg4dtjy/ VIgnan@Arya24",
            "region": "us-east-1",
            "tags": null,
            "tags_all": {}
          },
          "sensitive_attributes": [],
          "identity_schema_version": 0,
          "private": "eyJzY2hlbWFfdmVyc2lvbiI6IjEifQ=="
        }
      ]
    },
    {
      "mode": "managed",
      "type": "aws_security_group",
      "name": "my_sg",
      "provider": "provider[\"registry.terraform.io/hashicorp/aws\"]",
      "instances": [
        {
          "schema_version": 1,
          "attributes": {
            "arn": "arn:aws:ec2:us-east-1:993051104393:security-group/sg-055115e4f936c9988",
            "description": "Security group for terraform ec2 instance",
            "egress": [
              {
                "cidr_blocks": [
                  "0.0.0.0/0"
                ],
                "description": "",
                "from_port": 0,
                "ipv6_cidr_blocks": [],
                "prefix_list_ids": [],
                "protocol": "-1",
                "security_groups": [],
                "self": false,
                "to_port": 0
              }
            ],
            "id": "sg-055115e4f936c9988",
            "ingress": [
              {
                "cidr_blocks": [
                  "0.0.0.0/0"
                ],
                "description": "",
                "from_port": 443,
                "ipv6_cidr_blocks": [],
                "prefix_list_ids": [],
                "protocol": "tcp",
                "security_groups": [],
                "self": false,
                "to_port": 443
              },
              {
                "cidr_blocks": [
                  "0.0.0.0/0"
                ],
                "description": "Allow HTTP traffic",
                "from_port": 80,
                "ipv6_cidr_blocks": [],
                "prefix_list_ids": [],
                "protocol": "tcp",
                "security_groups": [],
                "self": false,
                "to_port": 80
              },
              {
                "cidr_blocks": [
                  "0.0.0.0/0"
                ],
                "description": "Allow SSH traffic",
                "from_port": 22,
                "ipv6_cidr_blocks": [],
                "prefix_list_ids": [],
                "protocol": "tcp",
                "security_groups": [],
                "self": false,
                "to_port": 22
              }
            ],
            "name": "Sg-for-terraform",
            "name_prefix": "",
            "owner_id": "993051104393",
            "region": "us-east-1",
            "revoke_rules_on_delete": false,
            "tags": {
              "Name": "Sg-for-terraform"
            },
            "tags_all": {
              "Name": "Sg-for-terraform"
            },
            "timeouts": null,
            "vpc_id": "vpc-06b78f17420cbac3d"
          },
          "sensitive_attributes": [],
          "identity_schema_version": 0,
          "identity": {
            "account_id": "993051104393",
            "id": "sg-055115e4f936c9988",
            "region": "us-east-1"
          },
          "private": "eyJlMmJmYjczMC1lY2FhLTExZTYtOGY4OC0zNDM2M2JjN2M0YzAiOnsiY3JlYXRlIjo2MDAwMDAwMDAwMDAsImRlbGV0ZSI6OTAwMDAwMDAwMDAwfSwic2NoZW1hX3ZlcnNpb24iOiIxIn0=",
          "dependencies": [
            "aws_default_vpc.N_default"
          ]
        }
      ]
    }
  ],
  "check_results": null
}
